
Microsoft Visual Studio Solution File, Format Version 12.00
# Visual Studio Version 16
VisualStudioVersion = 16.0.31129.286
MinimumVisualStudioVersion = 10.0.40219.1
Project("{FAE04EC0-301F-11D3-BF4B-00C04F79EFBC}") = "DinosaurGame", "DinosaurGame\DinosaurGame.csproj", "{B9200305-58B9-4814-B1FD-5DE2F3593570}"
EndProject
Global
	GlobalSection(SolutionConfigurationPlatforms) = preSolution
		Debug|Any CPU = Debug|Any CPU
		Release|Any CPU = Release|Any CPU
	EndGlobalSection
	GlobalSection(ProjectConfigurationPlatforms) = postSolution
		{B9200305-58B9-4814-B1FD-5DE2F3593570}.Debug|Any CPU.ActiveCfg = Debug|Any CPU
		{B9200305-58B9-4814-B1FD-5DE2F3593570}.Debug|Any CPU.Build.0 = Debug|Any CPU
		{B9200305-58B9-4814-B1FD-5DE2F3593570}.Release|Any CPU.ActiveCfg = Release|Any CPU
		{B9200305-58B9-4814-B1FD-5DE2F3593570}.Release|Any CPU.Build.0 = Release|Any CPU
	EndGlobalSection
	GlobalSection(SolutionProperties) = preSolution
		HideSolutionNode = FALSE
	EndGlobalSection
	GlobalSection(ExtensibilityGlobals) = postSolution
		SolutionGuid = {C4682BDA-75C5-4EFF-9C3A-F7F6C162730C}
	EndGlobalSection
EndGlobal
